
Microsoft Visual Studio Solution File, Format Version 12.00
# Visual Studio Version 17
VisualStudioVersion = 17.0.31919.166
MinimumVisualStudioVersion = 10.0.40219.1
Project("{8BC9CEB8-8B4A-11D0-8D11-00A0C91BC942}") = "Hat", "Hat\Hat.vcxproj", "{E8D608CE-7E2D-480D-BB9B-5B2FBCEADCEF}"
EndProject
Project("{8BC9CEB8-8B4A-11D0-8D11-00A0C91BC942}") = "SP26_Shinji_Kusakabe", "SP26_Shinji_Kusakabe\SP26_Shinji_Kusakabe.vcxproj", "{2482F62E-45B1-4041-BACA-70FA6D4BF097}"
EndProject
Project("{2150E333-8FDC-42A3-9474-1A3956D46DE8}") = "Solution Items", "Solution Items", "{D831B7AF-0392-46FC-8484-00AF08D79B3E}"
	ProjectSection(SolutionItems) = preProject
		CMakeLists.txt = CMakeLists.txt
	EndProjectSection
EndProject
Project("{8BC9CEB8-8B4A-11D0-8D11-00A0C91BC942}") = "glfw", "glfw_proj\src\glfw.vcxproj", "{ED0555E6-59AB-33D6-80D4-28A5ABF604CE}"
EndProject
Global
	GlobalSection(SolutionConfigurationPlatforms) = preSolution
		Debug|x64 = Debug|x64
		Debug|x86 = Debug|x86
		MinSizeRel|x64 = MinSizeRel|x64
		MinSizeRel|x86 = MinSizeRel|x86
		Release|x64 = Release|x64
		Release|x86 = Release|x86
		RelWithDebInfo|x64 = RelWithDebInfo|x64
		RelWithDebInfo|x86 = RelWithDebInfo|x86
	EndGlobalSection
	GlobalSection(ProjectConfigurationPlatforms) = postSolution
		{E8D608CE-7E2D-480D-BB9B-5B2FBCEADCEF}.Debug|x64.ActiveCfg = Debug|x64
		{E8D608CE-7E2D-480D-BB9B-5B2FBCEADCEF}.Debug|x64.Build.0 = Debug|x64
		{E8D608CE-7E2D-480D-BB9B-5B2FBCEADCEF}.Debug|x86.ActiveCfg = Debug|Win32
		{E8D608CE-7E2D-480D-BB9B-5B2FBCEADCEF}.Debug|x86.Build.0 = Debug|Win32
		{E8D608CE-7E2D-480D-BB9B-5B2FBCEADCEF}.MinSizeRel|x64.ActiveCfg = Release|x64
		{E8D608CE-7E2D-480D-BB9B-5B2FBCEADCEF}.MinSizeRel|x64.Build.0 = Release|x64
		{E8D608CE-7E2D-480D-BB9B-5B2FBCEADCEF}.MinSizeRel|x86.ActiveCfg = Release|Win32
		{E8D608CE-7E2D-480D-BB9B-5B2FBCEADCEF}.MinSizeRel|x86.Build.0 = Release|Win32
		{E8D608CE-7E2D-480D-BB9B-5B2FBCEADCEF}.Release|x64.ActiveCfg = Release|x64
		{E8D608CE-7E2D-480D-BB9B-5B2FBCEADCEF}.Release|x64.Build.0 = Release|x64
		{E8D608CE-7E2D-480D-BB9B-5B2FBCEADCEF}.Release|x86.ActiveCfg = Release|Win32
		{E8D608CE-7E2D-480D-BB9B-5B2FBCEADCEF}.Release|x86.Build.0 = Release|Win32
		{E8D608CE-7E2D-480D-BB9B-5B2FBCEADCEF}.RelWithDebInfo|x64.ActiveCfg = Release|x64
		{E8D608CE-7E2D-480D-BB9B-5B2FBCEADCEF}.RelWithDebInfo|x64.Build.0 = Release|x64
		{E8D608CE-7E2D-480D-BB9B-5B2FBCEADCEF}.RelWithDebInfo|x86.ActiveCfg = Release|Win32
		{E8D608CE-7E2D-480D-BB9B-5B2FBCEADCEF}.RelWithDebInfo|x86.Build.0 = Release|Win32
		{2482F62E-45B1-4041-BACA-70FA6D4BF097}.Debug|x64.ActiveCfg = Debug|x64
		{2482F62E-45B1-4041-BACA-70FA6D4BF097}.Debug|x64.Build.0 = Debug|x64
		{2482F62E-45B1-4041-BACA-70FA6D4BF097}.Debug|x86.ActiveCfg = Debug|Win32
		{2482F62E-45B1-4041-BACA-70FA6D4BF097}.Debug|x86.Build.0 = Debug|Win32
		{2482F62E-45B1-4041-BACA-70FA6D4BF097}.MinSizeRel|x64.ActiveCfg = Release|x64
		{2482F62E-45B1-4041-BACA-70FA6D4BF097}.MinSizeRel|x64.Build.0 = Release|x64
		{2482F62E-45B1-4041-BACA-70FA6D4BF097}.MinSizeRel|x86.ActiveCfg = Release|Win32
		{2482F62E-45B1-4041-BACA-70FA6D4BF097}.MinSizeRel|x86.Build.0 = Release|Win32
		{2482F62E-45B1-4041-BACA-70FA6D4BF097}.Release|x64.ActiveCfg = Release|x64
		{2482F62E-45B1-4041-BACA-70FA6D4BF097}.Release|x64.Build.0 = Release|x64
		{2482F62E-45B1-4041-BACA-70FA6D4BF097}.Release|x86.ActiveCfg = Release|Win32
		{2482F62E-45B1-4041-BACA-70FA6D4BF097}.Release|x86.Build.0 = Release|Win32
		{2482F62E-45B1-4041-BACA-70FA6D4BF097}.RelWithDebInfo|x64.ActiveCfg = Release|x64
		{2482F62E-45B1-4041-BACA-70FA6D4BF097}.RelWithDebInfo|x64.Build.0 = Release|x64
		{2482F62E-45B1-4041-BACA-70FA6D4BF097}.RelWithDebInfo|x86.ActiveCfg = Release|Win32
		{2482F62E-45B1-4041-BACA-70FA6D4BF097}.RelWithDebInfo|x86.Build.0 = Release|Win32
		{ED0555E6-59AB-33D6-80D4-28A5ABF604CE}.Debug|x64.ActiveCfg = Debug|x64
		{ED0555E6-59AB-33D6-80D4-28A5ABF604CE}.Debug|x64.Build.0 = Debug|x64
		{ED0555E6-59AB-33D6-80D4-28A5ABF604CE}.Debug|x86.ActiveCfg = Debug|x64
		{ED0555E6-59AB-33D6-80D4-28A5ABF604CE}.Debug|x86.Build.0 = Debug|x64
		{ED0555E6-59AB-33D6-80D4-28A5ABF604CE}.MinSizeRel|x64.ActiveCfg = MinSizeRel|x64
		{ED0555E6-59AB-33D6-80D4-28A5ABF604CE}.MinSizeRel|x64.Build.0 = MinSizeRel|x64
		{ED0555E6-59AB-33D6-80D4-28A5ABF604CE}.MinSizeRel|x86.ActiveCfg = MinSizeRel|x64
		{ED0555E6-59AB-33D6-80D4-28A5ABF604CE}.MinSizeRel|x86.Build.0 = MinSizeRel|x64
		{ED0555E6-59AB-33D6-80D4-28A5ABF604CE}.Release|x64.ActiveCfg = Release|x64
		{ED0555E6-59AB-33D6-80D4-28A5ABF604CE}.Release|x64.Build.0 = Release|x64
		{ED0555E6-59AB-33D6-80D4-28A5ABF604CE}.Release|x86.ActiveCfg = Release|x64
		{ED0555E6-59AB-33D6-80D4-28A5ABF604CE}.Release|x86.Build.0 = Release|x64
		{ED0555E6-59AB-33D6-80D4-28A5ABF604CE}.RelWithDebInfo|x64.ActiveCfg = RelWithDebInfo|x64
		{ED0555E6-59AB-33D6-80D4-28A5ABF604CE}.RelWithDebInfo|x64.Build.0 = RelWithDebInfo|x64
		{ED0555E6-59AB-33D6-80D4-28A5ABF604CE}.RelWithDebInfo|x86.ActiveCfg = RelWithDebInfo|x64
		{ED0555E6-59AB-33D6-80D4-28A5ABF604CE}.RelWithDebInfo|x86.Build.0 = RelWithDebInfo|x64
	EndGlobalSection
	GlobalSection(SolutionProperties) = preSolution
		HideSolutionNode = FALSE
	EndGlobalSection
	GlobalSection(ExtensibilityGlobals) = postSolution
		SolutionGuid = {8C97BA2E-9F73-43F8-A238-82AF50CFC9CD}
	EndGlobalSection
EndGlobal
